
Microsoft Visual Studio Solution File, Format Version 12.00
# Visual Studio Version 17
VisualStudioVersion = 17.3.32922.545
MinimumVisualStudioVersion = 10.0.40219.1
Project("{FAE04EC0-301F-11D3-BF4B-00C04F79EFBC}") = "ControleDeContatos", "ControleDeContatos\ControleDeContatos.csproj", "{079FFA3B-6584-4B64-953A-331A3CDC0BC4}"
EndProject
Global
	GlobalSection(SolutionConfigurationPlatforms) = preSolution
		Debug|Any CPU = Debug|Any CPU
		Release|Any CPU = Release|Any CPU
	EndGlobalSection
	GlobalSection(ProjectConfigurationPlatforms) = postSolution
		{079FFA3B-6584-4B64-953A-331A3CDC0BC4}.Debug|Any CPU.ActiveCfg = Debug|Any CPU
		{079FFA3B-6584-4B64-953A-331A3CDC0BC4}.Debug|Any CPU.Build.0 = Debug|Any CPU
		{079FFA3B-6584-4B64-953A-331A3CDC0BC4}.Release|Any CPU.ActiveCfg = Release|Any CPU
		{079FFA3B-6584-4B64-953A-331A3CDC0BC4}.Release|Any CPU.Build.0 = Release|Any CPU
	EndGlobalSection
	GlobalSection(SolutionProperties) = preSolution
		HideSolutionNode = FALSE
	EndGlobalSection
	GlobalSection(ExtensibilityGlobals) = postSolution
		SolutionGuid = {94BD358F-660A-4BE1-A49A-4EC19C95AEB3}
	EndGlobalSection
EndGlobal
